{
  "name": "sap-ui5-xss",
  "version": "1.0.0",
  "lockfileVersion": 3,
  "requires": true,
  "packages": {
    "": {
      "name": "sap-ui5-xss",
      "version": "1.0.0",
      "dependencies": {
        "@sapui5/sap.ui.vk": "^1.140.0"
      }
    },
    "node_modules/@sapui5/sap.ui.vk": {
      "version": "1.140.0",
      "resolved": "https://registry.npmjs.org/@sapui5/sap.ui.vk/-/sap.ui.vk-1.140.0.tgz",
      "integrity": "sha512-dBeDf6eQg3urJZqv7zXrkFsef9HhaspfQ4CttbGCozJ/85a+XKIff8KNrm+I5e1G5o5iZgif8LtjfIYVR9oktw==",
      "license": "SEE LICENSE IN LICENSE.txt"
    }
  }
}
